
Microsoft Visual Studio Solution File, Format Version 12.00
# Visual Studio Version 16
VisualStudioVersion = 16.0.31205.134
MinimumVisualStudioVersion = 10.0.40219.1
Project("{FAE04EC0-301F-11D3-BF4B-00C04F79EFBC}") = "LabbXamarin.Android", "LabbXamarin.Android\LabbXamarin.Android.csproj", "{1961B034-896E-4914-9D75-890F24F876CC}"
EndProject
Project("{FAE04EC0-301F-11D3-BF4B-00C04F79EFBC}") = "LabbXamarin.iOS", "LabbXamarin.iOS\LabbXamarin.iOS.csproj", "{5CC7D53F-6D69-47DD-B64F-CCD42170CE73}"
EndProject
Project("{FAE04EC0-301F-11D3-BF4B-00C04F79EFBC}") = "LabbXamarin", "LabbXamarin\LabbXamarin.csproj", "{41E43EFA-2888-414E-9DE2-E1493D73AE27}"
EndProject
Global
	GlobalSection(SolutionConfigurationPlatforms) = preSolution
		Debug|Any CPU = Debug|Any CPU
		Debug|iPhone = Debug|iPhone
		Debug|iPhoneSimulator = Debug|iPhoneSimulator
		Release|Any CPU = Release|Any CPU
		Release|iPhone = Release|iPhone
		Release|iPhoneSimulator = Release|iPhoneSimulator
	EndGlobalSection
	GlobalSection(ProjectConfigurationPlatforms) = postSolution
		{1961B034-896E-4914-9D75-890F24F876CC}.Debug|Any CPU.ActiveCfg = Debug|Any CPU
		{1961B034-896E-4914-9D75-890F24F876CC}.Debug|Any CPU.Build.0 = Debug|Any CPU
		{1961B034-896E-4914-9D75-890F24F876CC}.Debug|Any CPU.Deploy.0 = Debug|Any CPU
		{1961B034-896E-4914-9D75-890F24F876CC}.Debug|iPhone.ActiveCfg = Debug|Any CPU
		{1961B034-896E-4914-9D75-890F24F876CC}.Debug|iPhone.Build.0 = Debug|Any CPU
		{1961B034-896E-4914-9D75-890F24F876CC}.Debug|iPhone.Deploy.0 = Debug|Any CPU
		{1961B034-896E-4914-9D75-890F24F876CC}.Debug|iPhoneSimulator.ActiveCfg = Debug|Any CPU
		{1961B034-896E-4914-9D75-890F24F876CC}.Debug|iPhoneSimulator.Build.0 = Debug|Any CPU
		{1961B034-896E-4914-9D75-890F24F876CC}.Debug|iPhoneSimulator.Deploy.0 = Debug|Any CPU
		{1961B034-896E-4914-9D75-890F24F876CC}.Release|Any CPU.ActiveCfg = Release|Any CPU
		{1961B034-896E-4914-9D75-890F24F876CC}.Release|Any CPU.Build.0 = Release|Any CPU
		{1961B034-896E-4914-9D75-890F24F876CC}.Release|Any CPU.Deploy.0 = Release|Any CPU
		{1961B034-896E-4914-9D75-890F24F876CC}.Release|iPhone.ActiveCfg = Release|Any CPU
		{1961B034-896E-4914-9D75-890F24F876CC}.Release|iPhone.Build.0 = Release|Any CPU
		{1961B034-896E-4914-9D75-890F24F876CC}.Release|iPhone.Deploy.0 = Release|Any CPU
		{1961B034-896E-4914-9D75-890F24F876CC}.Release|iPhoneSimulator.ActiveCfg = Release|Any CPU
		{1961B034-896E-4914-9D75-890F24F876CC}.Release|iPhoneSimulator.Build.0 = Release|Any CPU
		{1961B034-896E-4914-9D75-890F24F876CC}.Release|iPhoneSimulator.Deploy.0 = Release|Any CPU
		{5CC7D53F-6D69-47DD-B64F-CCD42170CE73}.Debug|Any CPU.ActiveCfg = Debug|iPhone
		{5CC7D53F-6D69-47DD-B64F-CCD42170CE73}.Debug|Any CPU.Build.0 = Debug|iPhone
		{5CC7D53F-6D69-47DD-B64F-CCD42170CE73}.Debug|Any CPU.Deploy.0 = Debug|iPhone
		{5CC7D53F-6D69-47DD-B64F-CCD42170CE73}.Debug|iPhone.ActiveCfg = Debug|iPhone
		{5CC7D53F-6D69-47DD-B64F-CCD42170CE73}.Debug|iPhone.Build.0 = Debug|iPhone
		{5CC7D53F-6D69-47DD-B64F-CCD42170CE73}.Debug|iPhone.Deploy.0 = Debug|iPhone
		{5CC7D53F-6D69-47DD-B64F-CCD42170CE73}.Debug|iPhoneSimulator.ActiveCfg = Debug|iPhoneSimulator
		{5CC7D53F-6D69-47DD-B64F-CCD42170CE73}.Debug|iPhoneSimulator.Build.0 = Debug|iPhoneSimulator
		{5CC7D53F-6D69-47DD-B64F-CCD42170CE73}.Debug|iPhoneSimulator.Deploy.0 = Debug|iPhoneSimulator
		{5CC7D53F-6D69-47DD-B64F-CCD42170CE73}.Release|Any CPU.ActiveCfg = Release|iPhoneSimulator
		{5CC7D53F-6D69-47DD-B64F-CCD42170CE73}.Release|Any CPU.Build.0 = Release|iPhoneSimulator
		{5CC7D53F-6D69-47DD-B64F-CCD42170CE73}.Release|Any CPU.Deploy.0 = Release|iPhoneSimulator
		{5CC7D53F-6D69-47DD-B64F-CCD42170CE73}.Release|iPhone.ActiveCfg = Release|iPhone
		{5CC7D53F-6D69-47DD-B64F-CCD42170CE73}.Release|iPhone.Build.0 = Release|iPhone
		{5CC7D53F-6D69-47DD-B64F-CCD42170CE73}.Release|iPhone.Deploy.0 = Release|iPhone
		{5CC7D53F-6D69-47DD-B64F-CCD42170CE73}.Release|iPhoneSimulator.ActiveCfg = Release|iPhoneSimulator
		{5CC7D53F-6D69-47DD-B64F-CCD42170CE73}.Release|iPhoneSimulator.Build.0 = Release|iPhoneSimulator
		{5CC7D53F-6D69-47DD-B64F-CCD42170CE73}.Release|iPhoneSimulator.Deploy.0 = Release|iPhoneSimulator
		{41E43EFA-2888-414E-9DE2-E1493D73AE27}.Debug|Any CPU.ActiveCfg = Debug|Any CPU
		{41E43EFA-2888-414E-9DE2-E1493D73AE27}.Debug|Any CPU.Build.0 = Debug|Any CPU
		{41E43EFA-2888-414E-9DE2-E1493D73AE27}.Debug|Any CPU.Deploy.0 = Debug|Any CPU
		{41E43EFA-2888-414E-9DE2-E1493D73AE27}.Debug|iPhone.ActiveCfg = Debug|Any CPU
		{41E43EFA-2888-414E-9DE2-E1493D73AE27}.Debug|iPhone.Build.0 = Debug|Any CPU
		{41E43EFA-2888-414E-9DE2-E1493D73AE27}.Debug|iPhone.Deploy.0 = Debug|Any CPU
		{41E43EFA-2888-414E-9DE2-E1493D73AE27}.Debug|iPhoneSimulator.ActiveCfg = Debug|Any CPU
		{41E43EFA-2888-414E-9DE2-E1493D73AE27}.Debug|iPhoneSimulator.Build.0 = Debug|Any CPU
		{41E43EFA-2888-414E-9DE2-E1493D73AE27}.Debug|iPhoneSimulator.Deploy.0 = Debug|Any CPU
		{41E43EFA-2888-414E-9DE2-E1493D73AE27}.Release|Any CPU.ActiveCfg = Release|Any CPU
		{41E43EFA-2888-414E-9DE2-E1493D73AE27}.Release|Any CPU.Build.0 = Release|Any CPU
		{41E43EFA-2888-414E-9DE2-E1493D73AE27}.Release|Any CPU.Deploy.0 = Release|Any CPU
		{41E43EFA-2888-414E-9DE2-E1493D73AE27}.Release|iPhone.ActiveCfg = Release|Any CPU
		{41E43EFA-2888-414E-9DE2-E1493D73AE27}.Release|iPhone.Build.0 = Release|Any CPU
		{41E43EFA-2888-414E-9DE2-E1493D73AE27}.Release|iPhone.Deploy.0 = Release|Any CPU
		{41E43EFA-2888-414E-9DE2-E1493D73AE27}.Release|iPhoneSimulator.ActiveCfg = Release|Any CPU
		{41E43EFA-2888-414E-9DE2-E1493D73AE27}.Release|iPhoneSimulator.Build.0 = Release|Any CPU
		{41E43EFA-2888-414E-9DE2-E1493D73AE27}.Release|iPhoneSimulator.Deploy.0 = Release|Any CPU
	EndGlobalSection
	GlobalSection(SolutionProperties) = preSolution
		HideSolutionNode = FALSE
	EndGlobalSection
	GlobalSection(ExtensibilityGlobals) = postSolution
		SolutionGuid = {6AAE12F6-B576-4230-9EE0-A45830FB3810}
	EndGlobalSection
EndGlobal
